{
	"name": "synth-components",
	"version": "0.0.1",
	"lockfileVersion": 1,
	"requires": true,
	"dependencies": {
		"@stencil/angular-output-target": {
			"version": "0.0.5",
			"resolved": "https://registry.npmjs.org/@stencil/angular-output-target/-/angular-output-target-0.0.5.tgz",
			"integrity": "sha512-00iVf0pMH5NrVc/dUDy6AOEYEwTZ816bXggzNf4gxbhLpX1RAsC+MjC0gs/sJS2gal4gpE4cTVlPCGNy+mtFXg==",
			"dev": true
		},
		"@stencil/core": {
			"version": "2.5.1",
			"resolved": "https://registry.npmjs.org/@stencil/core/-/core-2.5.1.tgz",
			"integrity": "sha512-SHVX/XaMYEzZJr7ttFSU9a1GmZRMUS9l7f/hbWnKYRn4S9zl1CqGf2iR/ofJ7B+vKaHLjapCAVrzCrkciVIpXA=="
		},
		"@stencil/react-output-target": {
			"version": "0.0.9",
			"resolved": "https://registry.npmjs.org/@stencil/react-output-target/-/react-output-target-0.0.9.tgz",
			"integrity": "sha512-t2sSkm/VGftBqewK47eZonaHIXW7CYWlsDy6Ln4jqNVpr93CuPWkg7rsnPiZrJrU1NBuTgA0hC2xoRcAJVm7Sw==",
			"dev": true
		},
		"@stencil/sass": {
			"version": "1.4.1",
			"resolved": "https://registry.npmjs.org/@stencil/sass/-/sass-1.4.1.tgz",
			"integrity": "sha512-aFKoqtxZ/8BRbvNFiWRycGiqvMI22Ifn5qsKfq0U23j43XD81jT6d7K0WQd55ejNpoSpdxJcbOuFgQy3mXizfA==",
			"dev": true
		},
		"@types/numeral": {
			"version": "2.0.1",
			"resolved": "https://registry.npmjs.org/@types/numeral/-/numeral-2.0.1.tgz",
			"integrity": "sha512-f0LSiBOMnSGILpylIZzYXtnHbhosjPI916W9AkB171MnY+7IVuXHfb7Ohv3AkaDeOieiq74f6vy9ROMxRhfZ1Q==",
			"dev": true
		},
		"numeral": {
			"version": "2.0.6",
			"resolved": "https://registry.npmjs.org/numeral/-/numeral-2.0.6.tgz",
			"integrity": "sha1-StCAk21EPCVhrtnyGX7//iX05QY="
		}
	}
}
