{
    "name": "fibersjs-angular",
    "version": "0.0.0",
    "lockfileVersion": 1,
    "requires": true,
    "dependencies": {
        "@angular/common": {
            "version": "11.0.5",
            "resolved": "https://inditex.jfrog.io/inditex/api/npm/node-public/@angular/common/-/common-11.0.5.tgz",
            "integrity": "sha1-fsUIy34UzzhkD+ThwPo90yKlJQU=",
            "requires": {
                "tslib": "^2.0.0"
            }
        },
        "@angular/core": {
            "version": "11.0.5",
            "resolved": "https://inditex.jfrog.io/inditex/api/npm/node-public/@angular/core/-/core-11.0.5.tgz",
            "integrity": "sha1-uMRIw81Pba5zJ8wbpO4qopyNvCY=",
            "requires": {
                "tslib": "^2.0.0"
            }
        },
        "numeral": {
            "version": "2.0.6",
            "resolved": "https://inditex.jfrog.io/inditex/api/npm/node-public/numeral/-/numeral-2.0.6.tgz",
            "integrity": "sha1-StCAk21EPCVhrtnyGX7//iX05QY="
        },
        "tslib": {
            "version": "2.1.0",
            "resolved": "https://inditex.jfrog.io/inditex/api/npm/node-public/tslib/-/tslib-2.1.0.tgz",
            "integrity": "sha1-2mCGDxwuyqVwOrfTm8Bba/mIuXo="
        }
    }
}
