{
    "name": "fibersjs-angular",
    "version": "0.0.0",
    "lockfileVersion": 1,
    "requires": true,
    "dependencies": {
        "@angular-redux/form": {
            "version": "10.0.0",
            "resolved": "https://inditex.jfrog.io/inditex/api/npm/node-public/@angular-redux/form/-/form-10.0.0.tgz",
            "integrity": "sha1-K93xu1bWuzpRKgyc9PiL0xUfPUE=",
            "requires": {
                "immutable": "^4.0.0-rc.12",
                "tslib": "^1.9.0"
            },
            "dependencies": {
                "tslib": {
                    "version": "1.14.1",
                    "resolved": "https://inditex.jfrog.io/inditex/api/npm/node-public/tslib/-/tslib-1.14.1.tgz",
                    "integrity": "sha1-zy04vcNKE0vK8QkcQfZhni9nLQA="
                }
            }
        },
        "@angular-redux/router": {
            "version": "10.0.0",
            "resolved": "https://inditex.jfrog.io/inditex/api/npm/node-public/@angular-redux/router/-/router-10.0.0.tgz",
            "integrity": "sha1-BA0kB32oNzGwpirRDLGPzwaFWfk=",
            "requires": {
                "tslib": "^1.9.0"
            },
            "dependencies": {
                "tslib": {
                    "version": "1.14.1",
                    "resolved": "https://inditex.jfrog.io/inditex/api/npm/node-public/tslib/-/tslib-1.14.1.tgz",
                    "integrity": "sha1-zy04vcNKE0vK8QkcQfZhni9nLQA="
                }
            }
        },
        "@angular-redux/store": {
            "version": "9.0.0",
            "resolved": "https://inditex.jfrog.io/inditex/api/npm/node-public/@angular-redux/store/-/store-9.0.0.tgz",
            "integrity": "sha1-fekT/o2bKJQaGqeYOX86UfFuIKY="
        },
        "@angular/common": {
            "version": "11.0.5",
            "resolved": "https://inditex.jfrog.io/inditex/api/npm/node-public/@angular/common/-/common-11.0.5.tgz",
            "integrity": "sha1-fsUIy34UzzhkD+ThwPo90yKlJQU=",
            "requires": {
                "tslib": "^2.0.0"
            }
        },
        "@angular/core": {
            "version": "11.0.5",
            "resolved": "https://inditex.jfrog.io/inditex/api/npm/node-public/@angular/core/-/core-11.0.5.tgz",
            "integrity": "sha1-uMRIw81Pba5zJ8wbpO4qopyNvCY=",
            "requires": {
                "tslib": "^2.0.0"
            }
        },
        "@types/redux-logger": {
            "version": "3.0.8",
            "resolved": "https://inditex.jfrog.io/inditex/api/npm/node-public/@types/redux-logger/-/redux-logger-3.0.8.tgz",
            "integrity": "sha1-H7bSaRe7GYeSuxz1f+sxyuFTLF0=",
            "requires": {
                "redux": "^4.0.0"
            }
        },
        "deep-diff": {
            "version": "0.3.8",
            "resolved": "https://inditex.jfrog.io/inditex/api/npm/node-public/deep-diff/-/deep-diff-0.3.8.tgz",
            "integrity": "sha1-wB3mPvsO7JeYgB1Ax+Da4ltYLIQ="
        },
        "fibersjs": {
            "version": "0.0.1",
            "requires": {
                "@stencil/core": "^2.0.1",
                "numeral": "^2.0.6"
            },
            "dependencies": {
                "@stencil/angular-output-target": {
                    "version": "0.0.5",
                    "resolved": "https://inditex.jfrog.io/inditex/api/npm/node-public/@stencil/angular-output-target/-/angular-output-target-0.0.5.tgz",
                    "integrity": "sha1-Y+aYEhEpH4CAQ2EoM4YHS7lBJ0k="
                },
                "@stencil/core": {
                    "version": "2.4.0",
                    "resolved": "https://inditex.jfrog.io/inditex/api/npm/node-public/@stencil/core/-/core-2.4.0.tgz",
                    "integrity": "sha1-F7RWKciYbjXcvOP32rfWS+7eg/I="
                },
                "@stencil/react-output-target": {
                    "version": "0.0.9",
                    "resolved": "https://inditex.jfrog.io/inditex/api/npm/node-public/@stencil/react-output-target/-/react-output-target-0.0.9.tgz",
                    "integrity": "sha1-siVhHFdD8ChcN9krtH2TabpGLFQ="
                },
                "@stencil/sass": {
                    "version": "1.4.1",
                    "resolved": "https://inditex.jfrog.io/inditex/api/npm/node-public/@stencil/sass/-/sass-1.4.1.tgz",
                    "integrity": "sha1-71od0bVsAk7QjoBHXopvjRwluxA="
                },
                "@types/numeral": {
                    "version": "2.0.1",
                    "resolved": "https://inditex.jfrog.io/inditex/api/npm/node-public/@types/numeral/-/numeral-2.0.1.tgz",
                    "integrity": "sha1-9ycKFsZD1XlhmbKgPR8oWV049oc="
                },
                "numeral": {
                    "version": "2.0.6",
                    "resolved": "https://inditex.jfrog.io/inditex/api/npm/node-public/numeral/-/numeral-2.0.6.tgz",
                    "integrity": "sha1-StCAk21EPCVhrtnyGX7//iX05QY="
                }
            }
        },
        "immutable": {
            "version": "4.0.0-rc.12",
            "resolved": "https://inditex.jfrog.io/inditex/api/npm/node-public/immutable/-/immutable-4.0.0-rc.12.tgz",
            "integrity": "sha1-ylmn5MGa6Nm/dKl73w9uLypdAhc="
        },
        "js-tokens": {
            "version": "4.0.0",
            "resolved": "https://inditex.jfrog.io/inditex/api/npm/node-public/js-tokens/-/js-tokens-4.0.0.tgz",
            "integrity": "sha1-GSA/tZmR35jjoocFDUZHzerzJJk="
        },
        "loose-envify": {
            "version": "1.4.0",
            "resolved": "https://inditex.jfrog.io/inditex/api/npm/node-public/loose-envify/-/loose-envify-1.4.0.tgz",
            "integrity": "sha1-ce5R+nvkyuwaY4OffmgtgTLTDK8=",
            "requires": {
                "js-tokens": "^3.0.0 || ^4.0.0"
            }
        },
        "moment": {
            "version": "2.29.1",
            "resolved": "https://inditex.jfrog.io/inditex/api/npm/node-public/moment/-/moment-2.29.1.tgz",
            "integrity": "sha1-sr52n6MZQL6e7qZGnAdeNQBvo9M="
        },
        "numeral": {
            "version": "2.0.6",
            "resolved": "https://inditex.jfrog.io/inditex/api/npm/node-public/numeral/-/numeral-2.0.6.tgz",
            "integrity": "sha1-StCAk21EPCVhrtnyGX7//iX05QY="
        },
        "redux": {
            "version": "4.0.1",
            "resolved": "https://inditex.jfrog.io/inditex/api/npm/node-public/redux/-/redux-4.0.1.tgz",
            "integrity": "sha1-Q2yubMQPvkcnaJ18j65EgI8b/vU=",
            "requires": {
                "loose-envify": "^1.4.0",
                "symbol-observable": "^1.2.0"
            }
        },
        "redux-logger": {
            "version": "3.0.6",
            "resolved": "https://inditex.jfrog.io/inditex/api/npm/node-public/redux-logger/-/redux-logger-3.0.6.tgz",
            "integrity": "sha1-91VZZvMJjzyIYExEnPC69XeCdL8=",
            "requires": {
                "deep-diff": "^0.3.5"
            }
        },
        "symbol-observable": {
            "version": "1.2.0",
            "resolved": "https://inditex.jfrog.io/inditex/api/npm/node-public/symbol-observable/-/symbol-observable-1.2.0.tgz",
            "integrity": "sha1-wiaIrtTqs83C3+rLtWFmBWCgCAQ="
        },
        "tslib": {
            "version": "2.1.0",
            "resolved": "https://inditex.jfrog.io/inditex/api/npm/node-public/tslib/-/tslib-2.1.0.tgz",
            "integrity": "sha1-2mCGDxwuyqVwOrfTm8Bba/mIuXo="
        }
    }
}
