{
  "name": "fibersjs",
  "version": "0.0.1",
  "lockfileVersion": 1,
  "requires": true,
  "dependencies": {
    "@stencil/angular-output-target": {
      "version": "0.0.5",
      "resolved": "https://inditex.jfrog.io/inditex/api/npm/node-public/@stencil/angular-output-target/-/angular-output-target-0.0.5.tgz",
      "integrity": "sha1-Y+aYEhEpH4CAQ2EoM4YHS7lBJ0k=",
      "dev": true
    },
    "@stencil/core": {
      "version": "2.4.0",
      "resolved": "https://inditex.jfrog.io/inditex/api/npm/node-public/@stencil/core/-/core-2.4.0.tgz",
      "integrity": "sha1-F7RWKciYbjXcvOP32rfWS+7eg/I="
    },
    "@stencil/react-output-target": {
      "version": "0.0.9",
      "resolved": "https://inditex.jfrog.io/inditex/api/npm/node-public/@stencil/react-output-target/-/react-output-target-0.0.9.tgz",
      "integrity": "sha1-siVhHFdD8ChcN9krtH2TabpGLFQ=",
      "dev": true
    },
    "@stencil/sass": {
      "version": "1.4.1",
      "resolved": "https://inditex.jfrog.io/inditex/api/npm/node-public/@stencil/sass/-/sass-1.4.1.tgz",
      "integrity": "sha1-71od0bVsAk7QjoBHXopvjRwluxA=",
      "dev": true
    },
    "@types/numeral": {
      "version": "2.0.1",
      "resolved": "https://inditex.jfrog.io/inditex/api/npm/node-public/@types/numeral/-/numeral-2.0.1.tgz",
      "integrity": "sha1-9ycKFsZD1XlhmbKgPR8oWV049oc=",
      "dev": true
    },
    "numeral": {
      "version": "2.0.6",
      "resolved": "https://inditex.jfrog.io/inditex/api/npm/node-public/numeral/-/numeral-2.0.6.tgz",
      "integrity": "sha1-StCAk21EPCVhrtnyGX7//iX05QY="
    }
  }
}
